
Microsoft Visual Studio Solution File, Format Version 12.00
# Visual Studio Version 17
VisualStudioVersion = 17.14.36518.9
MinimumVisualStudioVersion = 10.0.40219.1
Project("{FAE04EC0-301F-11D3-BF4B-00C04F79EFBC}") = "Remotemonitor", "Remotemonitor\Remotemonitor.csproj", "{798B0DB3-F4AE-45D0-93C2-61D969F948D4}"
EndProject
Project("{FAE04EC0-301F-11D3-BF4B-00C04F79EFBC}") = "RemoteMonitor.Tests", "RemoteMonitor.Tests\RemoteMonitor.Tests.csproj", "{3F18BDAE-4511-46E5-A81E-6F6AF4C7DFC0}"
EndProject
Global
	GlobalSection(SolutionConfigurationPlatforms) = preSolution
		Debug|Any CPU = Debug|Any CPU
		Release|Any CPU = Release|Any CPU
	EndGlobalSection
	GlobalSection(ProjectConfigurationPlatforms) = postSolution
		{798B0DB3-F4AE-45D0-93C2-61D969F948D4}.Debug|Any CPU.ActiveCfg = Debug|Any CPU
		{798B0DB3-F4AE-45D0-93C2-61D969F948D4}.Debug|Any CPU.Build.0 = Debug|Any CPU
		{798B0DB3-F4AE-45D0-93C2-61D969F948D4}.Release|Any CPU.ActiveCfg = Release|Any CPU
		{798B0DB3-F4AE-45D0-93C2-61D969F948D4}.Release|Any CPU.Build.0 = Release|Any CPU
		{3F18BDAE-4511-46E5-A81E-6F6AF4C7DFC0}.Debug|Any CPU.ActiveCfg = Debug|Any CPU
		{3F18BDAE-4511-46E5-A81E-6F6AF4C7DFC0}.Debug|Any CPU.Build.0 = Debug|Any CPU
		{3F18BDAE-4511-46E5-A81E-6F6AF4C7DFC0}.Release|Any CPU.ActiveCfg = Release|Any CPU
		{3F18BDAE-4511-46E5-A81E-6F6AF4C7DFC0}.Release|Any CPU.Build.0 = Release|Any CPU
	EndGlobalSection
	GlobalSection(SolutionProperties) = preSolution
		HideSolutionNode = FALSE
	EndGlobalSection
	GlobalSection(ExtensibilityGlobals) = postSolution
		SolutionGuid = {69A08C10-2D98-4634-AA98-CC33A1A93AAB}
	EndGlobalSection
EndGlobal
