
Microsoft Visual Studio Solution File, Format Version 12.00
# Visual Studio Version 17
VisualStudioVersion = 17.14.36518.9
MinimumVisualStudioVersion = 10.0.40219.1
Project("{FAE04EC0-301F-11D3-BF4B-00C04F79EFBC}") = "Remotmonitor", "Remotmonitor.csproj", "{7DEF9396-3C7A-F46E-62DA-AE9B3FC60F90}"
EndProject
Global
	GlobalSection(SolutionConfigurationPlatforms) = preSolution
		Debug|Any CPU = Debug|Any CPU
		Release|Any CPU = Release|Any CPU
	EndGlobalSection
	GlobalSection(ProjectConfigurationPlatforms) = postSolution
		{7DEF9396-3C7A-F46E-62DA-AE9B3FC60F90}.Debug|Any CPU.ActiveCfg = Debug|Any CPU
		{7DEF9396-3C7A-F46E-62DA-AE9B3FC60F90}.Debug|Any CPU.Build.0 = Debug|Any CPU
		{7DEF9396-3C7A-F46E-62DA-AE9B3FC60F90}.Release|Any CPU.ActiveCfg = Release|Any CPU
		{7DEF9396-3C7A-F46E-62DA-AE9B3FC60F90}.Release|Any CPU.Build.0 = Release|Any CPU
	EndGlobalSection
	GlobalSection(SolutionProperties) = preSolution
		HideSolutionNode = FALSE
	EndGlobalSection
	GlobalSection(ExtensibilityGlobals) = postSolution
		SolutionGuid = {DF5EECC5-25EE-49F8-BEB4-BA5CB6E585B3}
	EndGlobalSection
EndGlobal
