
Microsoft Visual Studio Solution File, Format Version 12.00
# Visual Studio Version 17
VisualStudioVersion = 17.14.36518.9 d17.14
MinimumVisualStudioVersion = 10.0.40219.1
Project("{FAE04EC0-301F-11D3-BF4B-00C04F79EFBC}") = "MQTTnetExample", "MQTTnetExample\MQTTnetExample.csproj", "{B979B897-2A86-4ACD-A8EF-E53B5A36EF39}"
EndProject
Global
	GlobalSection(SolutionConfigurationPlatforms) = preSolution
		Debug|Any CPU = Debug|Any CPU
		Release|Any CPU = Release|Any CPU
	EndGlobalSection
	GlobalSection(ProjectConfigurationPlatforms) = postSolution
		{B979B897-2A86-4ACD-A8EF-E53B5A36EF39}.Debug|Any CPU.ActiveCfg = Debug|Any CPU
		{B979B897-2A86-4ACD-A8EF-E53B5A36EF39}.Debug|Any CPU.Build.0 = Debug|Any CPU
		{B979B897-2A86-4ACD-A8EF-E53B5A36EF39}.Release|Any CPU.ActiveCfg = Release|Any CPU
		{B979B897-2A86-4ACD-A8EF-E53B5A36EF39}.Release|Any CPU.Build.0 = Release|Any CPU
	EndGlobalSection
	GlobalSection(SolutionProperties) = preSolution
		HideSolutionNode = FALSE
	EndGlobalSection
	GlobalSection(ExtensibilityGlobals) = postSolution
		SolutionGuid = {3DD285F9-1F63-49D4-BAF5-AE45924ABF65}
	EndGlobalSection
EndGlobal
